github.com/aws/aws-lambda-go v1.36.0 h1:NWBWBJgavrQOjF1uKDG5D7Qs5y5o75HcrjfA16Hwfak=
github.com/aws/aws-lambda-go v1.36.0/go.mod h1:jwFe2KmMsHmffA1X2R09hH6lFzJQxzI8qK17ewzbQMM=
github.com/aws/aws-lambda-go v1.41.0 h1:l/5fyVb6Ud9uYd411xdHZzSf2n86TakxzpvIoz7l+3Y=
github.com/aws/aws-lambda-go v1.41.0/go.mod h1:jwFe2KmMsHmffA1X2R09hH6lFzJQxzI8qK17ewzbQMM=
github.com/aws/aws-lambda-go v1.47.0 h1:0H8s0vumYx/YKs4sE7YM0ktwL2eWse+kfopsRI1sXVI=
github.com/aws/aws-lambda-go v1.47.0/go.mod h1:dpMpZgvWx5vuQJfBt0zqBha60q7Dd7RfgJv23DymV8A=
github.com/aws/aws-sdk-go-v2 v1.17.3 h1:shN7NlnVzvDUgPQ+1rLMSxY8OWRNDRYtiqe0p/PgrhY=
github.com/aws/aws-sdk-go-v2 v1.17.3/go.mod h1:uzbQtefpm44goOPmdKyAlXSNcwlRgF3ePWVW6EtJvvw=
github.com/aws/aws-sdk-go-v2 v1.21.2 h1:+LXZ0sgo8quN9UOKXXzAWRT3FWd4NxeXWOZom9pE7GA=
github.com/aws/aws-sdk-go-v2 v1.21.2/go.mod h1:ErQhvNuEMhJjweavOYhxVkn2RUx7kQXVATHrjKtxIpM=
github.com/aws/aws-sdk-go-v2 v1.34.0 h1:9iyL+cjifckRGEVpRKZP3eIxVlL06Qk1Tk13vreaVQU=
github.com/aws/aws-sdk-go-v2 v1.34.0/go.mod h1:JgstGg0JjWU1KpVJjD5H0y0yyAIpSdKEq556EI6yOOM=
github.com/aws/aws-sdk-go-v2 v1.36.3 h1:mJoei2CxPutQVxaATCzDUjcZEjVRdpsiiXi2o38yqWM=
github.com/aws/aws-sdk-go-v2 v1.36.3/go.mod h1:LLXuLpgzEbD766Z5ECcRmi8AzSwfZItDtmABVkRLGzg=
github.com/aws/aws-sdk-go-v2/config v1.18.7 h1:V94lTcix6jouwmAsgQMAEBozVAGJMFhVj+6/++xfe3E=
github.com/aws/aws-sdk-go-v2/config v1.18.7/go.mod h1:OZYsyHFL5PB9UpyS78NElgKs11qI/B5KJau2XOJDXHA=
github.com/aws/aws-sdk-go-v2/config v1.19.0 h1:AdzDvwH6dWuVARCl3RTLGRc4Ogy+N7yLFxVxXe1ClQ0=
github.com/aws/aws-sdk-go-v2/config v1.19.0/go.mod h1:ZwDUgFnQgsazQTnWfeLWk5GjeqTQTL8lMkoE1UXzxdE=
github.com/aws/aws-sdk-go-v2/config v1.29.2 h1:JuIxOEPcSKpMB0J+khMjznG9LIhIBdmqNiEcPclnwqc=
github.com/aws/aws-sdk-go-v2/config v1.29.2/go.mod h1:HktTHregOZwNSM/e7WTfVSu9RCX+3eOv+6ij27PtaYs=
github.com/aws/aws-sdk-go-v2/config v1.29.8 h1:RpwAfYcV2lr/yRc4lWhUM9JRPQqKgKWmou3LV7UfWP4=
github.com/aws/aws-sdk-go-v2/config v1.29.8/go.mod h1:t+G7Fq1OcO8cXTPPXzxQSnj/5Xzdc9jAAD3Xrn9/Mgo=
github.com/aws/aws-sdk-go-v2/credentials v1.13.7 h1:qUUcNS5Z1092XBFT66IJM7mYkMwgZ8fcC8YDIbEwXck=
github.com/aws/aws-sdk-go-v2/credentials v1.13.7/go.mod h1:AdCcbZXHQCjJh6NaH3pFaw8LUeBFn5+88BZGMVGuBT8=
github.com/aws/aws-sdk-go-v2/credentials v1.13.43 h1:LU8vo40zBlo3R7bAvBVy/ku4nxGEyZe9N8MqAeFTzF8=
github.com/aws/aws-sdk-go-v2/credentials v1.13.43/go.mod h1:zWJBz1Yf1ZtX5NGax9ZdNjhhI4rgjfgsyk6vTY1yfVg=
github.com/aws/aws-sdk-go-v2/credentials v1.17.55 h1:CDhKnDEaGkLA5ZszV/qw5uwN5M8rbv9Cl0JRN+PRsaM=
github.com/aws/aws-sdk-go-v2/credentials v1.17.55/go.mod h1:kPD/vj+RB5MREDUky376+zdnjZpR+WgdBBvwrmnlmKE=
github.com/aws/aws-sdk-go-v2/credentials v1.17.61 h1:Hd/uX6Wo2iUW1JWII+rmyCD7MMhOe7ALwQXN6sKDd1o=
github.com/aws/aws-sdk-go-v2/credentials v1.17.61/go.mod h1:L7vaLkwHY1qgW0gG1zG0z/X0sQ5tpIY5iI13+j3qI80=
github.com/aws/aws-sdk-go-v2/feature/dynamodb/attributevalue v1.10.8 h1:2DKy/A/TijgQqMDex39Im7LuVJibeztn8FN5RbgGGJ4=
github.com/aws/aws-sdk-go-v2/feature/dynamodb/attributevalue v1.10.8/go.mod h1:yqQPTPcvrrWYd3vopI+0ShM/NGRUGgZAnPeFGBSSt2Y=
github.com/aws/aws-sdk-go-v2/feature/dynamodb/attributevalue v1.10.42 h1:taACSYOzbwyrJPvzX0ucCkB9gxkIkcYkuXkUhNRsnJ0=
github.com/aws/aws-sdk-go-v2/feature/dynamodb/attributevalue v1.10.42/go.mod h1:y4dbQK/yjYJ2HXqx57/G8FvLckKtN61s/IWNVvP5k9E=
github.com/aws/aws-sdk-go-v2/feature/dynamodb/attributevalue v1.16.0 h1:bSfq5lT2a58q5kbyqXGnUr2YX3sWtjRqm69eNcOWau0=
github.com/aws/aws-sdk-go-v2/feature/dynamodb/attributevalue v1.16.0/go.mod h1:FBqEl9aG/k3FY7jHAq7CqznoDY4dp6DIm5ktxY4QkDw=
github.com/aws/aws-sdk-go-v2/feature/dynamodb/attributevalue v1.18.6 h1:5MXQb+ASlUe0SgSmPt8V0l4EFRKLyr0krAnMqMvlAjQ=
github.com/aws/aws-sdk-go-v2/feature/dynamodb/attributevalue v1.18.6/go.mod h1:V+IXONaymKaUpRMGVqdjaXhZwYFHAgFwxmJi6/132tE=
github.com/aws/aws-sdk-go-v2/feature/dynamodb/expression v1.4.34 h1:7wLZYO6RY0Y3hgCg9DY6Cxvc+yULizuPslCR4BJ/Fsw=
github.com/aws/aws-sdk-go-v2/feature/dynamodb/expression v1.4.34/go.mod h1:l6eC7NuhvmbZO3wdbvREyUvcWVvghxSDiK9olpd/GHA=
github.com/aws/aws-sdk-go-v2/feature/dynamodb/expression v1.4.69 h1:Cq5yfc4gKynUxUIzLhZJGMl3xM76EHiVYQjWeSdRios=
github.com/aws/aws-sdk-go-v2/feature/dynamodb/expression v1.4.69/go.mod h1:CJzVdyFAaSntzSajUHvISUzXZfnYKI4JRx1ctDfsk7g=
github.com/aws/aws-sdk-go-v2/feature/dynamodb/expression v1.7.64 h1:RbvNew9AKOcU7hsb7Bm70GWgKpN9QmGsV/CNjFnjG/I=
github.com/aws/aws-sdk-go-v2/feature/dynamodb/expression v1.7.64/go.mod h1:Ht5FhjqSJCW4K4IP7FvlySVt3G1M08dHXt1jHy6rIuQ=
github.com/aws/aws-sdk-go-v2/feature/dynamodb/expression v1.7.72 h1:5KPYhPlLbJyI79L4aVbI97Rm32gI6xBsCBIS6qBFVGE=
github.com/aws/aws-sdk-go-v2/feature/dynamodb/expression v1.7.72/go.mod h1:dV5pCayG6EA9dyVVzpmanDbIQXThPiQuj7B30IuY69Q=
github.com/aws/aws-sdk-go-v2/feature/ec2/imds v1.12.21 h1:j9wi1kQ8b+e0FBVHxCqCGo4kxDU175hoDHcWAi0sauU=
github.com/aws/aws-sdk-go-v2/feature/ec2/imds v1.12.21/go.mod h1:ugwW57Z5Z48bpvUyZuaPy4Kv+vEfJWnIrky7RmkBvJg=
github.com/aws/aws-sdk-go-v2/feature/ec2/imds v1.13.13 h1:PIktER+hwIG286DqXyvVENjgLTAwGgoeriLDD5C+YlQ=
github.com/aws/aws-sdk-go-v2/feature/ec2/imds v1.13.13/go.mod h1:f/Ib/qYjhV2/qdsf79H3QP/eRE4AkVyEf6sk7XfZ1tg=
github.com/aws/aws-sdk-go-v2/feature/ec2/imds v1.16.25 h1:kU7tmXNaJ07LsyN3BUgGqAmVmQtq0w6duVIHAKfp0/w=
github.com/aws/aws-sdk-go-v2/feature/ec2/imds v1.16.25/go.mod h1:OiC8+OiqrURb1wrwmr/UbOVLFSWEGxjinj5C299VQdo=
github.com/aws/aws-sdk-go-v2/feature/ec2/imds v1.16.30 h1:x793wxmUWVDhshP8WW2mlnXuFrO4cOd3HLBroh1paFw=
github.com/aws/aws-sdk-go-v2/feature/ec2/imds v1.16.30/go.mod h1:Jpne2tDnYiFascUEs2AWHJL9Yp7A5ZVy3TNyxaAjD6M=
github.com/aws/aws-sdk-go-v2/internal/configsources v1.1.27 h1:I3cakv2Uy1vNmmhRQmFptYDxOvBnwCdNwyw63N0RaRU=
github.com/aws/aws-sdk-go-v2/internal/configsources v1.1.27/go.mod h1:a1/UpzeyBBerajpnP5nGZa9mGzsBn5cOKxm6NWQsvoI=
github.com/aws/aws-sdk-go-v2/internal/configsources v1.1.43 h1:nFBQlGtkbPzp/NjZLuFxRqmT91rLJkgvsEQs68h962Y=
github.com/aws/aws-sdk-go-v2/internal/configsources v1.1.43/go.mod h1:auo+PiyLl0n1l8A0e8RIeR8tOzYPfZZH/JNlrJ8igTQ=
github.com/aws/aws-sdk-go-v2/internal/configsources v1.3.29 h1:Ej0Rf3GMv50Qh4G4852j2djtoDb7AzQ7MuQeFHa3D70=
github.com/aws/aws-sdk-go-v2/internal/configsources v1.3.29/go.mod h1:oeNTC7PwJNoM5AznVr23wxhLnuJv0ZDe5v7w0wqIs9M=
github.com/aws/aws-sdk-go-v2/internal/configsources v1.3.34 h1:ZK5jHhnrioRkUNOc+hOgQKlUL5JeC3S6JgLxtQ+Rm0Q=
github.com/aws/aws-sdk-go-v2/internal/configsources v1.3.34/go.mod h1:p4VfIceZokChbA9FzMbRGz5OV+lekcVtHlPKEO0gSZY=
github.com/aws/aws-sdk-go-v2/internal/endpoints/v2 v2.4.21 h1:5NbbMrIzmUn/TXFqAle6mgrH5m9cOvMLRGL7pnG8tRE=
github.com/aws/aws-sdk-go-v2/internal/endpoints/v2 v2.4.21/go.mod h1:+Gxn8jYn5k9ebfHEqlhrMirFjSW0v0C9fI+KN5vk2kE=
github.com/aws/aws-sdk-go-v2/internal/endpoints/v2 v2.4.37 h1:JRVhO25+r3ar2mKGP7E0LDl8K9/G36gjlqca5iQbaqc=
github.com/aws/aws-sdk-go-v2/internal/endpoints/v2 v2.4.37/go.mod h1:Qe+2KtKml+FEsQF/DHmDV+xjtche/hwoF75EG4UlHW8=
github.com/aws/aws-sdk-go-v2/internal/endpoints/v2 v2.6.29 h1:6e8a71X+9GfghragVevC5bZqvATtc3mAMgxpSNbgzF0=
github.com/aws/aws-sdk-go-v2/internal/endpoints/v2 v2.6.29/go.mod h1:c4jkZiQ+BWpNqq7VtrxjwISrLrt/VvPq3XiopkUIolI=
github.com/aws/aws-sdk-go-v2/internal/endpoints/v2 v2.6.34 h1:SZwFm17ZUNNg5Np0ioo/gq8Mn6u9w19Mri8DnJ15Jf0=
github.com/aws/aws-sdk-go-v2/internal/endpoints/v2 v2.6.34/go.mod h1:dFZsC0BLo346mvKQLWmoJxT+Sjp+qcVR1tRVHQGOH9Q=
github.com/aws/aws-sdk-go-v2/internal/ini v1.3.28 h1:KeTxcGdNnQudb46oOl4d90f2I33DF/c6q3RnZAmvQdQ=
github.com/aws/aws-sdk-go-v2/internal/ini v1.3.28/go.mod h1:yRZVr/iT0AqyHeep00SZ4YfBAKojXz08w3XMBscdi0c=
github.com/aws/aws-sdk-go-v2/internal/ini v1.3.45 h1:hze8YsjSh8Wl1rYa1CJpRmXP21BvOBuc76YhW0HsuQ4=
github.com/aws/aws-sdk-go-v2/internal/ini v1.3.45/go.mod h1:lD5M20o09/LCuQ2mE62Mb/iSdSlCNuj6H5ci7tW7OsE=
github.com/aws/aws-sdk-go-v2/internal/ini v1.8.2 h1:Pg9URiobXy85kgFev3og2CuOZ8JZUBENF+dcgWBaYNk=
github.com/aws/aws-sdk-go-v2/internal/ini v1.8.2/go.mod h1:FbtygfRFze9usAadmnGJNc8KsP346kEe+y2/oyhGAGc=
github.com/aws/aws-sdk-go-v2/internal/ini v1.8.3 h1:bIqFDwgGXXN1Kpp99pDOdKMTTb5d2KyU5X/BZxjOkRo=
github.com/aws/aws-sdk-go-v2/internal/ini v1.8.3/go.mod h1:H5O/EsxDWyU+LP/V8i5sm8cxoZgc2fdNR9bxlOFrQTo=
github.com/aws/aws-sdk-go-v2/service/dynamodb v1.17.9 h1:b5IdivLEHiIPErQoNNLAt7sECZxnL9BT4Bvp7qxCTwQ=
github.com/aws/aws-sdk-go-v2/service/dynamodb v1.17.9/go.mod h1:uP2wpt43//qh6NqMFslaRu53A2YbnFStkV4Wn1Ldels=
github.com/aws/aws-sdk-go-v2/service/dynamodb v1.22.2 h1:s7oacej7gZm+Bcq5BxZIlm5HWjEyKiWtOt405QZ+WOA=
github.com/aws/aws-sdk-go-v2/service/dynamodb v1.22.2/go.mod h1:1HkLh8vaL4obF95fne7ZOu7sxomS/+vkBt3/+gqqwE4=
github.com/aws/aws-sdk-go-v2/service/dynamodb v1.39.6 h1:OBoVhuZ7zXKziB4Kyd1lDUzysef2zWY8pC2Doc0zuiQ=
github.com/aws/aws-sdk-go-v2/service/dynamodb v1.39.6/go.mod h1:P4zDzUQq/lYgWGFzXNAKkyyMtlTqWvroS3IPQ18SnLw=
github.com/aws/aws-sdk-go-v2/service/dynamodb v1.41.0 h1:kSMAk72LZ5eIdY/W+tVV6VdokciajcDdVClEBVNWNP0=
github.com/aws/aws-sdk-go-v2/service/dynamodb v1.41.0/go.mod h1:yYaWRnVSPyAmexW5t7G3TcuYoalYfT+xQwzWsvtUQ7M=
github.com/aws/aws-sdk-go-v2/service/dynamodbstreams v1.13.28 h1:YAlfvdT7VENO1ASwZ7a+nuY36+pqZ8aSHh5xDH9TAow=
github.com/aws/aws-sdk-go-v2/service/dynamodbstreams v1.13.28/go.mod h1:zGScIYqnuTec46Rma2T0iSRUllvdebmzmvieAz0FyPo=
github.com/aws/aws-sdk-go-v2/service/dynamodbstreams v1.15.7 h1:WCeS9WZbIqEKCbgIkrHB5jw/9mO2QMYTLPF8wee3v4Y=
github.com/aws/aws-sdk-go-v2/service/dynamodbstreams v1.15.7/go.mod h1:uT1paW42RVCVEoAEbWKu98gEI0GMBWUsT/H+pI4ODJQ=
github.com/aws/aws-sdk-go-v2/service/dynamodbstreams v1.24.16 h1:ELyiy1hrMQT/vfmv47Qn/xzgHULUrYk8GtLkAf07MD4=
github.com/aws/aws-sdk-go-v2/service/dynamodbstreams v1.24.16/go.mod h1:DaigcaD8K9oqmNkr2eoe/ELSEsGx11zOhcmS0ac2Q6c=
github.com/aws/aws-sdk-go-v2/service/dynamodbstreams v1.25.0 h1:iTFqGH+Eel+KPW0cFvsA6JVP9/86MEbENVz60dbHxIs=
github.com/aws/aws-sdk-go-v2/service/dynamodbstreams v1.25.0/go.mod h1:lUqWdw5/esjPTkITXhN4C66o1ltwDq2qQ12j3SOzhVg=
github.com/aws/aws-sdk-go-v2/service/internal/accept-encoding v1.9.11 h1:y2+VQzC6Zh2ojtV2LoC0MNwHWc6qXv/j2vrQtlftkdA=
github.com/aws/aws-sdk-go-v2/service/internal/accept-encoding v1.9.11/go.mod h1:iV4q2hsqtNECrfmlXyord9u4zyuFEJX9eLgLpSPzWA8=
github.com/aws/aws-sdk-go-v2/service/internal/accept-encoding v1.9.15 h1:7R8uRYyXzdD71KWVCL78lJZltah6VVznXBazvKjfH58=
github.com/aws/aws-sdk-go-v2/service/internal/accept-encoding v1.9.15/go.mod h1:26SQUPcTNgV1Tapwdt4a1rOsYRsnBsJHLMPoxK2b0d8=
github.com/aws/aws-sdk-go-v2/service/internal/accept-encoding v1.12.2 h1:D4oz8/CzT9bAEYtVhSBmFj2dNOtaHOtMKc2vHBwYizA=
github.com/aws/aws-sdk-go-v2/service/internal/accept-encoding v1.12.2/go.mod h1:Za3IHqTQ+yNcRHxu1OFucBh0ACZT4j4VQFF0BqpZcLY=
github.com/aws/aws-sdk-go-v2/service/internal/accept-encoding v1.12.3 h1:eAh2A4b5IzM/lum78bZ590jy36+d/aFLgKF/4Vd1xPE=
github.com/aws/aws-sdk-go-v2/service/internal/accept-encoding v1.12.3/go.mod h1:0yKJC/kb8sAnmlYa6Zs3QVYqaC8ug2AbnNChv5Ox3uA=
github.com/aws/aws-sdk-go-v2/service/internal/endpoint-discovery v1.7.21 h1:UYhcXvg66FBsZKRpXtNc4w+2rwaTHzST/zhpQBxzhPo=
github.com/aws/aws-sdk-go-v2/service/internal/endpoint-discovery v1.7.21/go.mod h1:NXJls8x8f9zVSaf+EKKoonqaahWK69MUWm6w6ob0FHs=
github.com/aws/aws-sdk-go-v2/service/internal/endpoint-discovery v1.7.37 h1:4LoizcvPT9A0tiAFhepxn0bGZXkzvN0pG0epydY3Pno=
github.com/aws/aws-sdk-go-v2/service/internal/endpoint-discovery v1.7.37/go.mod h1:7xBUZyP6LeLc+5Ym9PG7atqw4sR28sBtYcHETik+bPE=
github.com/aws/aws-sdk-go-v2/service/internal/endpoint-discovery v1.10.10 h1:dx6ou28o859SdI4UkuH98Awkuwg4RdHawE5s6pYMQiA=
github.com/aws/aws-sdk-go-v2/service/internal/endpoint-discovery v1.10.10/go.mod h1:ilKRWYwq8gS8Wkltnph4MJUTInZefn1C1shAAZchlGg=
github.com/aws/aws-sdk-go-v2/service/internal/endpoint-discovery v1.10.15 h1:M1R1rud7HzDrfCdlBQ7NjnRsDNEhXO/vGhuD189Ggmk=
github.com/aws/aws-sdk-go-v2/service/internal/endpoint-discovery v1.10.15/go.mod h1:uvFKBSq9yMPV4LGAi7N4awn4tLY+hKE35f8THes2mzQ=
github.com/aws/aws-sdk-go-v2/service/internal/presigned-url v1.9.21 h1:5C6XgTViSb0bunmU57b3CT+MhxULqHH2721FVA+/kDM=
github.com/aws/aws-sdk-go-v2/service/internal/presigned-url v1.9.21/go.mod h1:lRToEJsn+DRA9lW4O9L9+/3hjTkUzlzyzHqn8MTds5k=
github.com/aws/aws-sdk-go-v2/service/internal/presigned-url v1.9.37 h1:WWZA/I2K4ptBS1kg0kV1JbBtG/umed0vwHRrmcr9z7k=
github.com/aws/aws-sdk-go-v2/service/internal/presigned-url v1.9.37/go.mod h1:vBmDnwWXWxNPFRMmG2m/3MKOe+xEcMDo1tanpaWCcck=
github.com/aws/aws-sdk-go-v2/service/internal/presigned-url v1.12.10 h1:hN4yJBGswmFTOVYqmbz1GBs9ZMtQe8SrYxPwrkrlRv8=
github.com/aws/aws-sdk-go-v2/service/internal/presigned-url v1.12.10/go.mod h1:TsxON4fEZXyrKY+D+3d2gSTyJkGORexIYab9PTf56DA=
github.com/aws/aws-sdk-go-v2/service/internal/presigned-url v1.12.15 h1:dM9/92u2F1JbDaGooxTq18wmmFzbJRfXfVfy96/1CXM=
github.com/aws/aws-sdk-go-v2/service/internal/presigned-url v1.12.15/go.mod h1:SwFBy2vjtA0vZbjjaFtfN045boopadnoVPhu4Fv66vY=
github.com/aws/aws-sdk-go-v2/service/sns v1.22.2 h1:zU+iUkj72bZFuIgUTCcAyVXs7Le1uX2LopHMnvZfn04=
github.com/aws/aws-sdk-go-v2/service/sns v1.22.2/go.mod h1:gLVePJ104BrkWKr4aU3CURZYZnZN7BQGDsB668Uh3ZY=
github.com/aws/aws-sdk-go-v2/service/sns v1.33.15 h1:VCNRG9lybbJxTwYAEgqiWkuB58GPDimiCVbUM+XL2Pg=
github.com/aws/aws-sdk-go-v2/service/sns v1.33.15/go.mod h1:V3ltP6usfUA20slDy3gpz6QEk7OI3EpxaJUPIK41b84=
github.com/aws/aws-sdk-go-v2/service/sns v1.34.0 h1:8yQWCA0+6TG7uTq8GyRif8RNhPj7vkGs0ld736zHEjA=
github.com/aws/aws-sdk-go-v2/service/sns v1.34.0/go.mod h1:PJtxxMdj747j8DeZENRTTYAz/lx/pADn/U0k7YNNiUY=
github.com/aws/aws-sdk-go-v2/service/sso v1.11.28 h1:gItLq3zBYyRDPmqAClgzTH8PBjDQGeyptYGHIwtYYNA=
github.com/aws/aws-sdk-go-v2/service/sso v1.11.28/go.mod h1:wo/B7uUm/7zw/dWhBJ4FXuw1sySU5lyIhVg1Bu2yL9A=
github.com/aws/aws-sdk-go-v2/service/sso v1.15.2 h1:JuPGc7IkOP4AaqcZSIcyqLpFSqBWK32rM9+a1g6u73k=
github.com/aws/aws-sdk-go-v2/service/sso v1.15.2/go.mod h1:gsL4keucRCgW+xA85ALBpRFfdSLH4kHOVSnLMSuBECo=
github.com/aws/aws-sdk-go-v2/service/sso v1.24.12 h1:kznaW4f81mNMlREkU9w3jUuJvU5g/KsqDV43ab7Rp6s=
github.com/aws/aws-sdk-go-v2/service/sso v1.24.12/go.mod h1:bZy9r8e0/s0P7BSDHgMLXK2KvdyRRBIQ2blKlvLt0IU=
github.com/aws/aws-sdk-go-v2/service/sso v1.25.0 h1:2U9sF8nKy7UgyEeLiZTRg6ShBS22z8UnYpV6aRFL0is=
github.com/aws/aws-sdk-go-v2/service/sso v1.25.0/go.mod h1:qs4a9T5EMLl/Cajiw2TcbNt2UNo/Hqlyp+GiuG4CFDI=
github.com/aws/aws-sdk-go-v2/service/ssooidc v1.13.11 h1:KCacyVSs/wlcPGx37hcbT3IGYO8P8Jx+TgSDhAXtQMY=
github.com/aws/aws-sdk-go-v2/service/ssooidc v1.13.11/go.mod h1:TZSH7xLO7+phDtViY/KUp9WGCJMQkLJ/VpgkTFd5gh8=
github.com/aws/aws-sdk-go-v2/service/ssooidc v1.17.3 h1:HFiiRkf1SdaAmV3/BHOFZ9DjFynPHj8G/UIO1lQS+fk=
github.com/aws/aws-sdk-go-v2/service/ssooidc v1.17.3/go.mod h1:a7bHA82fyUXOm+ZSWKU6PIoBxrjSprdLoM8xPYvzYVg=
github.com/aws/aws-sdk-go-v2/service/ssooidc v1.28.11 h1:mUwIpAvILeKFnRx4h1dEgGEFGuV8KJ3pEScZWVFYuZA=
github.com/aws/aws-sdk-go-v2/service/ssooidc v1.28.11/go.mod h1:JDJtD+b8HNVv71axz8+S5492KM8wTzHRFpMKQbPlYxw=
github.com/aws/aws-sdk-go-v2/service/ssooidc v1.29.0 h1:wjAdc85cXdQR5uLx5FwWvGIHm4OPJhTyzUHU8craXtE=
github.com/aws/aws-sdk-go-v2/service/ssooidc v1.29.0/go.mod h1:MlYRNmYu/fGPoxBQVvBYr9nyr948aY/WLUvwBMBJubs=
github.com/aws/aws-sdk-go-v2/service/sts v1.17.7 h1:9Mtq1KM6nD8/+HStvWcvYnixJ5N85DX+P+OY3kI3W2k=
github.com/aws/aws-sdk-go-v2/service/sts v1.17.7/go.mod h1:+lGbb3+1ugwKrNTWcf2RT05Xmp543B06zDFTwiTLp7I=
github.com/aws/aws-sdk-go-v2/service/sts v1.23.2 h1:0BkLfgeDjfZnZ+MhB3ONb01u9pwFYTCZVhlsSSBvlbU=
github.com/aws/aws-sdk-go-v2/service/sts v1.23.2/go.mod h1:Eows6e1uQEsc4ZaHANmsPRzAKcVDrcmjjWiih2+HUUQ=
github.com/aws/aws-sdk-go-v2/service/sts v1.33.10 h1:g9d+TOsu3ac7SgmY2dUf1qMgu/uJVTlQ4VCbH6hRxSw=
github.com/aws/aws-sdk-go-v2/service/sts v1.33.10/go.mod h1:WZfNmntu92HO44MVZAubQaz3qCuIdeOdog2sADfU6hU=
github.com/aws/aws-sdk-go-v2/service/sts v1.33.16 h1:BHEK2Q/7CMRMCb3nySi/w8UbIcPhKvYP5s1xf8/izn0=
github.com/aws/aws-sdk-go-v2/service/sts v1.33.16/go.mod h1:cQnB8CUnxbMU82JvlqjKR2HBOm3fe9pWorWBza6MBJ4=
github.com/aws/smithy-go v1.13.5 h1:hgz0X/DX0dGqTYpGALqXJoRKRj5oQ7150i5FdTePzO8=
github.com/aws/smithy-go v1.13.5/go.mod h1:Tg+OJXh4MB2R/uN61Ko2f6hTZwB/ZYGOtib8J3gBHzA=
github.com/aws/smithy-go v1.15.0 h1:PS/durmlzvAFpQHDs4wi4sNNP9ExsqZh6IlfdHXgKK8=
github.com/aws/smithy-go v1.15.0/go.mod h1:Tg+OJXh4MB2R/uN61Ko2f6hTZwB/ZYGOtib8J3gBHzA=
github.com/aws/smithy-go v1.22.2 h1:6D9hW43xKFrRx/tXXfAlIZc4JI+yQe6snnWcQyxSyLQ=
github.com/aws/smithy-go v1.22.2/go.mod h1:irrKGvNn1InZwb2d7fkIRNucdfwR8R+Ts3wxYa/cJHg=
github.com/aws/smithy-go v1.22.3 h1:Z//5NuZCSW6R4PhQ93hShNbyBbn8BWCmCVCt+Q8Io5k=
github.com/aws/smithy-go v1.22.3/go.mod h1:t1ufH5HMublsJYulve2RKmHDC15xu1f26kHCp/HgceI=
github.com/davecgh/go-spew v1.1.0/go.mod h1:J7Y8YcW2NihsgmVo/mv3lAwl/skON4iLHjSsI+c5H38=
github.com/davecgh/go-spew v1.1.1 h1:vj9j/u1bqnvCEfJOwUhtlOARqs3+rkHYY13jYWTU97c=
github.com/google/go-cmp v0.5.8 h1:e6P7q2lk1O+qJJb4BtCQXlK8vWEO8V1ZeuEdJNOqZyg=
github.com/google/go-cmp v0.5.8/go.mod h1:17dUlkBOakJ0+DkrSSNjCkIjxS6bF9zb3elmeNGIjoY=
github.com/google/uuid v1.3.0 h1:t6JiXgmwXMjEs8VusXIJk2BXHsn+wx8BZdTaoZ5fu7I=
github.com/google/uuid v1.3.0/go.mod h1:TIyPZe4MgqvfeYDBFedMoGGpEw/LqOeaOT+nhxU+yHo=
github.com/google/uuid v1.3.1 h1:KjJaJ9iWZ3jOFZIf1Lqf4laDRCasjl0BCmnEGxkdLb4=
github.com/google/uuid v1.3.1/go.mod h1:TIyPZe4MgqvfeYDBFedMoGGpEw/LqOeaOT+nhxU+yHo=
github.com/google/uuid v1.6.0 h1:NIvaJDMOsjHA8n1jAhLSgzrAzy1Hgr+hNrb57e+94F0=
github.com/google/uuid v1.6.0/go.mod h1:TIyPZe4MgqvfeYDBFedMoGGpEw/LqOeaOT+nhxU+yHo=
github.com/jmespath/go-jmespath v0.4.0 h1:BEgLn5cpjn8UN1mAw4NjwDrS35OdebyEtFe+9YPoQUg=
github.com/jmespath/go-jmespath v0.4.0/go.mod h1:T8mJZnbsbmF+m6zOOFylbeCJqk5+pHWvzYPziyZiYoo=
github.com/jmespath/go-jmespath/internal/testify v1.5.1 h1:shLQSRRSCCPj3f2gpwzGwWFoC7ycTf1rcQZHOlsJ6N8=
github.com/jmespath/go-jmespath/internal/testify v1.5.1/go.mod h1:L3OGu8Wl2/fWfCI6z80xFu9LTZmf1ZRjMHUOPmWr69U=
github.com/pmezard/go-difflib v1.0.0 h1:4DBwDE0NGyQoBHbLQYPwSUPoCMWR5BEzIk/f1lZbAQM=
github.com/pmezard/go-difflib v1.0.0/go.mod h1:iKH77koFhYxTK1pcRnkKkqfTogsbg7gZNVY4sRDYZ/4=
github.com/stretchr/objx v0.1.0/go.mod h1:HFkY916IF+rwdDfMAkV7OtwuqBVzrE8GR6GFx+wExME=
github.com/stretchr/testify v1.7.2 h1:4jaiDzPyXQvSd7D0EjG45355tLlV3VOECpq10pLC+8s=
golang.org/x/exp v0.0.0-20221230162634-c8adb6e14cba h1:Qa0t0rPXHxjZBt3IJdkf6gku8KvMpBwiCmhAL5tYNEI=
golang.org/x/exp v0.0.0-20221230162634-c8adb6e14cba/go.mod h1:CxIveKay+FTh1D0yPZemJVgC/95VzuuOLq5Qi4xnoYc=
golang.org/x/exp v0.0.0-20231006140011-7918f672742d h1:jtJma62tbqLibJ5sFQz8bKtEM8rJBtfilJ2qTU199MI=
golang.org/x/exp v0.0.0-20231006140011-7918f672742d/go.mod h1:ldy0pHrwJyGW56pPQzzkH36rKxoZW1tw7ZJpeKx+hdo=
golang.org/x/exp v0.0.0-20250106191152-7588d65b2ba8 h1:yqrTHse8TCMW1M1ZCP+VAR/l0kKxwaAIqN/il7x4voA=
golang.org/x/exp v0.0.0-20250106191152-7588d65b2ba8/go.mod h1:tujkw807nyEEAamNbDrEGzRav+ilXA7PCRAd6xsmwiU=
golang.org/x/exp v0.0.0-20250218142911-aa4b98e5adaa h1:t2QcU6V556bFjYgu4L6C+6VrCPyJZ+eyRsABUPs1mz4=
golang.org/x/exp v0.0.0-20250218142911-aa4b98e5adaa/go.mod h1:BHOTPb3L19zxehTsLoJXVaTktb06DFgmdW6Wb9s8jqk=
gopkg.in/check.v1 v0.0.0-20161208181325-20d25e280405/go.mod h1:Co6ibVJAznAaIkqp8huTwlJQCZ016jof/cbN4VW5Yz0=
gopkg.in/yaml.v2 v2.2.8 h1:obN1ZagJSUGI0Ek/LBmuj4SNLPfIny3KsKFopxRdj10=
gopkg.in/yaml.v2 v2.2.8/go.mod h1:hI93XBmqTisBFMUTm0b8Fm+jr3Dg1NNxqwp+5A1VGuI=
gopkg.in/yaml.v3 v3.0.1 h1:fxVm/GzAzEWqLHuvctI91KS9hhNmmWOoWu0XTYJS7CA=
